
Microsoft Visual Studio Solution File, Format Version 12.00
# Visual Studio Version 17
VisualStudioVersion = 17.3.32819.101
MinimumVisualStudioVersion = 10.0.40219.1
Project("{FAE04EC0-301F-11D3-BF4B-00C04F79EFBC}") = "qa", "qa\qa.csproj", "{72FF15C2-171C-45E8-BA24-F6AE846B80E6}"
EndProject
Global
	GlobalSection(SolutionConfigurationPlatforms) = preSolution
		Debug|Any CPU = Debug|Any CPU
		Release|Any CPU = Release|Any CPU
	EndGlobalSection
	GlobalSection(ProjectConfigurationPlatforms) = postSolution
		{72FF15C2-171C-45E8-BA24-F6AE846B80E6}.Debug|Any CPU.ActiveCfg = Debug|Any CPU
		{72FF15C2-171C-45E8-BA24-F6AE846B80E6}.Debug|Any CPU.Build.0 = Debug|Any CPU
		{72FF15C2-171C-45E8-BA24-F6AE846B80E6}.Release|Any CPU.ActiveCfg = Release|Any CPU
		{72FF15C2-171C-45E8-BA24-F6AE846B80E6}.Release|Any CPU.Build.0 = Release|Any CPU
	EndGlobalSection
	GlobalSection(SolutionProperties) = preSolution
		HideSolutionNode = FALSE
	EndGlobalSection
	GlobalSection(ExtensibilityGlobals) = postSolution
		SolutionGuid = {40DE3C7D-9D44-44DA-B86F-4475108062A4}
	EndGlobalSection
EndGlobal
